
Microsoft Visual Studio Solution File, Format Version 12.00
# Visual Studio 14
VisualStudioVersion = 14.0.25420.1
MinimumVisualStudioVersion = 10.0.40219.1
Project("{F184B08F-C81C-45F6-A57F-5ABD9991F28F}") = "BirthDay calculator", "BirthDay calculator.vbproj", "{692AA0E9-9E90-49E4-9E26-3B47B9A5E3B7}"
EndProject
Global
	GlobalSection(SolutionConfigurationPlatforms) = preSolution
		Debug|Any CPU = Debug|Any CPU
		Release|Any CPU = Release|Any CPU
	EndGlobalSection
	GlobalSection(ProjectConfigurationPlatforms) = postSolution
		{692AA0E9-9E90-49E4-9E26-3B47B9A5E3B7}.Debug|Any CPU.ActiveCfg = Debug|Any CPU
		{692AA0E9-9E90-49E4-9E26-3B47B9A5E3B7}.Debug|Any CPU.Build.0 = Debug|Any CPU
		{692AA0E9-9E90-49E4-9E26-3B47B9A5E3B7}.Release|Any CPU.ActiveCfg = Release|Any CPU
		{692AA0E9-9E90-49E4-9E26-3B47B9A5E3B7}.Release|Any CPU.Build.0 = Release|Any CPU
	EndGlobalSection
	GlobalSection(SolutionProperties) = preSolution
		HideSolutionNode = FALSE
	EndGlobalSection
EndGlobal
