
Microsoft Visual Studio Solution File, Format Version 12.00
# Visual Studio 14
VisualStudioVersion = 14.0.25420.1
MinimumVisualStudioVersion = 10.0.40219.1
Project("{F184B08F-C81C-45F6-A57F-5ABD9991F28F}") = "dialoge Box", "dialoge Box\dialoge Box.vbproj", "{DADB41D7-C4A1-4850-924D-8768A5E7280E}"
EndProject
Global
	GlobalSection(SolutionConfigurationPlatforms) = preSolution
		Debug|Any CPU = Debug|Any CPU
		Release|Any CPU = Release|Any CPU
	EndGlobalSection
	GlobalSection(ProjectConfigurationPlatforms) = postSolution
		{DADB41D7-C4A1-4850-924D-8768A5E7280E}.Debug|Any CPU.ActiveCfg = Debug|Any CPU
		{DADB41D7-C4A1-4850-924D-8768A5E7280E}.Debug|Any CPU.Build.0 = Debug|Any CPU
		{DADB41D7-C4A1-4850-924D-8768A5E7280E}.Release|Any CPU.ActiveCfg = Release|Any CPU
		{DADB41D7-C4A1-4850-924D-8768A5E7280E}.Release|Any CPU.Build.0 = Release|Any CPU
	EndGlobalSection
	GlobalSection(SolutionProperties) = preSolution
		HideSolutionNode = FALSE
	EndGlobalSection
EndGlobal
